
Microsoft Visual Studio Solution File, Format Version 12.00
# Visual Studio Version 16
VisualStudioVersion = 16.0.30406.217
MinimumVisualStudioVersion = 10.0.40219.1
Project("{FAE04EC0-301F-11D3-BF4B-00C04F79EFBC}") = "EmployeeManagementSystem", "EmployeeManagementSystem\EmployeeManagementSystem.csproj", "{950B87DC-7F13-4648-8BDA-142894C4C74D}"
EndProject
Global
	GlobalSection(SolutionConfigurationPlatforms) = preSolution
		Debug|Any CPU = Debug|Any CPU
		Release|Any CPU = Release|Any CPU
	EndGlobalSection
	GlobalSection(ProjectConfigurationPlatforms) = postSolution
		{950B87DC-7F13-4648-8BDA-142894C4C74D}.Debug|Any CPU.ActiveCfg = Debug|Any CPU
		{950B87DC-7F13-4648-8BDA-142894C4C74D}.Debug|Any CPU.Build.0 = Debug|Any CPU
		{950B87DC-7F13-4648-8BDA-142894C4C74D}.Release|Any CPU.ActiveCfg = Release|Any CPU
		{950B87DC-7F13-4648-8BDA-142894C4C74D}.Release|Any CPU.Build.0 = Release|Any CPU
	EndGlobalSection
	GlobalSection(SolutionProperties) = preSolution
		HideSolutionNode = FALSE
	EndGlobalSection
	GlobalSection(ExtensibilityGlobals) = postSolution
		SolutionGuid = {BB26BC66-77D7-4D36-AD94-6199A1546015}
	EndGlobalSection
EndGlobal
